
Microsoft Visual Studio Solution File, Format Version 12.00
# Visual Studio Version 17
VisualStudioVersion = 17.0.31903.59
MinimumVisualStudioVersion = 10.0.40219.1
Project("{2150E333-8FDC-42A3-9474-1A3956D46DE8}") = "src", "src", "{52C7A578-6E8A-4FE2-942B-AC888920F06E}"
EndProject
Project("{FAE04EC0-301F-11D3-BF4B-00C04F79EFBC}") = "RF.Server.Core", "src\RF.Server.Core\RF.Server.Core.csproj", "{1BB8DCAE-EEF7-4F23-A1D4-ABF9E55372B0}"
EndProject
Project("{FAE04EC0-301F-11D3-BF4B-00C04F79EFBC}") = "RF.Server.App", "src\RF.Server.App\RF.Server.App.csproj", "{8CADC97E-1075-4A0A-9E3A-BC3326E3A746}"
EndProject
Global
	GlobalSection(SolutionConfigurationPlatforms) = preSolution
		Debug|Any CPU = Debug|Any CPU
		Release|Any CPU = Release|Any CPU
	EndGlobalSection
	GlobalSection(SolutionProperties) = preSolution
		HideSolutionNode = FALSE
	EndGlobalSection
	GlobalSection(ProjectConfigurationPlatforms) = postSolution
		{1BB8DCAE-EEF7-4F23-A1D4-ABF9E55372B0}.Debug|Any CPU.ActiveCfg = Debug|Any CPU
		{1BB8DCAE-EEF7-4F23-A1D4-ABF9E55372B0}.Debug|Any CPU.Build.0 = Debug|Any CPU
		{1BB8DCAE-EEF7-4F23-A1D4-ABF9E55372B0}.Release|Any CPU.ActiveCfg = Release|Any CPU
		{1BB8DCAE-EEF7-4F23-A1D4-ABF9E55372B0}.Release|Any CPU.Build.0 = Release|Any CPU
		{8CADC97E-1075-4A0A-9E3A-BC3326E3A746}.Debug|Any CPU.ActiveCfg = Debug|Any CPU
		{8CADC97E-1075-4A0A-9E3A-BC3326E3A746}.Debug|Any CPU.Build.0 = Debug|Any CPU
		{8CADC97E-1075-4A0A-9E3A-BC3326E3A746}.Release|Any CPU.ActiveCfg = Release|Any CPU
		{8CADC97E-1075-4A0A-9E3A-BC3326E3A746}.Release|Any CPU.Build.0 = Release|Any CPU
	EndGlobalSection
	GlobalSection(NestedProjects) = preSolution
		{1BB8DCAE-EEF7-4F23-A1D4-ABF9E55372B0} = {52C7A578-6E8A-4FE2-942B-AC888920F06E}
		{8CADC97E-1075-4A0A-9E3A-BC3326E3A746} = {52C7A578-6E8A-4FE2-942B-AC888920F06E}
	EndGlobalSection
EndGlobal
